// !$*UTF8*$!
{
	archiveVersion = 1;
	classes = {
	};
	objectVersion = 46;
	objects = {

/* Begin PBXBuildFile section */
		EEFC43EB1F55D27100744587 /* AppDelegate.swift in Sources */ = {isa = PBXBuildFile; fileRef = EEFC43EA1F55D27100744587 /* AppDelegate.swift */; };
		EEFC43ED1F55D27100744587 /* ViewController.swift in Sources */ = {isa = PBXBuildFile; fileRef = EEFC43EC1F55D27100744587 /* ViewController.swift */; };
		EEFC43F01F55D27100744587 /* Main.storyboard in Resources */ = {isa = PBXBuildFile; fileRef = EEFC43EE1F55D27100744587 /* Main.storyboard */; };
		EEFC43F21F55D27100744587 /* Assets.xcassets in Resources */ = {isa = PBXBuildFile; fileRef = EEFC43F11F55D27100744587 /* Assets.xcassets */; };
		EEFC43F51F55D27100744587 /* LaunchScreen.storyboard in Resources */ = {isa = PBXBuildFile; fileRef = EEFC43F31F55D27100744587 /* LaunchScreen.storyboard */; };
/* End PBXBuildFile section */

/* Begin PBXFileReference section */
		EEFC43E71F55D27100744587 /* KeyboardWithToolbar.app */ = {isa = PBXFileReference; explicitFileType = wrapper.application; includeInIndex = 0; path = KeyboardWithToolbar.app; sourceTree = BUILT_PRODUCTS_DIR; };
		EEFC43EA1F55D27100744587 /* AppDelegate.swift */ = {isa = PBXFileReference; lastKnownFileType = sourcecode.swift; path = AppDelegate.swift; sourceTree = "<group>"; };
		EEFC43EC1F55D27100744587 /* ViewController.swift */ = {isa = PBXFileReference; lastKnownFileType = sourcecode.swift; path = ViewController.swift; sourceTree = "<group>"; };
		EEFC43EF1F55D27100744587 /* Base */ = {isa = PBXFileReference; lastKnownFileType = file.storyboard; name = Base; path = Base.lproj/Main.storyboard; sourceTree = "<group>"; };
		EEFC43F11F55D27100744587 /* Assets.xcassets */ = {isa = PBXFileReference; lastKnownFileType = folder.assetcatalog; path = Assets.xcassets; sourceTree = "<group>"; };
		EEFC43F41F55D27100744587 /* Base */ = {isa = PBXFileReference; lastKnownFileType = file.storyboard; name = Base; path = Base.lproj/LaunchScreen.storyboard; sourceTree = "<group>"; };
		EEFC43F61F55D27100744587 /* Info.plist */ = {isa = PBXFileReference; lastKnownFileType = text.plist.xml; path = Info.plist; sourceTree = "<group>"; };
/* End PBXFileReference section */

/* Begin PBXFrameworksBuildPhase section */
		EEFC43E41F55D27100744587 /* Frameworks */ = {
			isa = PBXFrameworksBuildPhase;
			buildActionMask = 2147483647;
			files = (
			);
			runOnlyForDeploymentPostprocessing = 0;
		};
/* End PBXFrameworksBuildPhase section */

/* Begin PBXGroup section */
		EEFC43DE1F55D27100744587 = {
			isa = PBXGroup;
			children = (
				EEFC43E91F55D27100744587 /* KeyboardWithToolbar */,
				EEFC43E81F55D27100744587 /* Products */,
			);
			sourceTree = "<group>";
		};
		EEFC43E81F55D27100744587 /* Products */ = {
			isa = PBXGroup;
			children = (
				EEFC43E71F55D27100744587 /* KeyboardWithToolbar.app */,
			);
			name = Products;
			sourceTree = "<group>";
		};
		EEFC43E91F55D27100744587 /* KeyboardWithToolbar */ = {
			isa = PBXGroup;
			children = (
				EEFC43EA1F55D27100744587 /* AppDelegate.swift */,
				EEFC43EC1F55D27100744587 /* ViewController.swift */,
				EEFC43EE1F55D27100744587 /* Main.storyboard */,
				EEFC43F11F55D27100744587 /* Assets.xcassets */,
				EEFC43F31F55D27100744587 /* LaunchScreen.storyboard */,
				EEFC43F61F55D27100744587 /* Info.plist */,
			);
			path = KeyboardWithToolbar;
			sourceTree = "<group>";
		};
/* End PBXGroup section */

/* Begin PBXNativeTarget section */
		EEFC43E61F55D27100744587 /* KeyboardWithToolbar */ = {
			isa = PBXNativeTarget;
			buildConfigurationList = EEFC43F91F55D27100744587 /* Build configuration list for PBXNativeTarget "KeyboardWithToolbar" */;
			buildPhases = (
				EEFC43E31F55D27100744587 /* Sources */,
				EEFC43E41F55D27100744587 /* Frameworks */,
				EEFC43E51F55D27100744587 /* Resources */,
			);
			buildRules = (
			);
			dependencies = (
			);
			name = KeyboardWithToolbar;
			productName = KeyboardWithToolbar;
			productReference = EEFC43E71F55D27100744587 /* KeyboardWithToolbar.app */;
			productType = "com.apple.product-type.application";
		};
/* End PBXNativeTarget section */

/* Begin PBXProject section */
		EEFC43DF1F55D27100744587 /* Project object */ = {
			isa = PBXProject;
			attributes = {
				LastSwiftUpdateCheck = 0820;
				LastUpgradeCheck = 0820;
				ORGANIZATIONNAME = "Zihan Peng";
				TargetAttributes = {
					EEFC43E61F55D27100744587 = {
						CreatedOnToolsVersion = 8.2.1;
						ProvisioningStyle = Automatic;
					};
				};
			};
			buildConfigurationList = EEFC43E21F55D27100744587 /* Build configuration list for PBXProject "KeyboardWithToolbar" */;
			compatibilityVersion = "Xcode 3.2";
			developmentRegion = English;
			hasScannedForEncodings = 0;
			knownRegions = (
				en,
				Base,
			);
			mainGroup = EEFC43DE1F55D27100744587;
			productRefGroup = EEFC43E81F55D27100744587 /* Products */;
			projectDirPath = "";
			projectRoot = "";
			targets = (
				EEFC43E61F55D27100744587 /* KeyboardWithToolbar */,
			);
		};
/* End PBXProject section */

/* Begin PBXResourcesBuildPhase section */
		EEFC43E51F55D27100744587 /* Resources */ = {
			isa = PBXResourcesBuildPhase;
			buildActionMask = 2147483647;
			files = (
				EEFC43F51F55D27100744587 /* LaunchScreen.storyboard in Resources */,
				EEFC43F21F55D27100744587 /* Assets.xcassets in Resources */,
				EEFC43F01F55D27100744587 /* Main.storyboard in Resources */,
			);
			runOnlyForDeploymentPostprocessing = 0;
		};
/* End PBXResourcesBuildPhase section */

/* Begin PBXSourcesBuildPhase section */
		EEFC43E31F55D27100744587 /* Sources */ = {
			isa = PBXSourcesBuildPhase;
			buildActionMask = 2147483647;
			files = (
				EEFC43ED1F55D27100744587 /* ViewController.swift in Sources */,
				EEFC43EB1F55D27100744587 /* AppDelegate.swift in Sources */,
			);
			runOnlyForDeploymentPostprocessing = 0;
		};
/* End PBXSourcesBuildPhase section */

/* Begin PBXVariantGroup section */
		EEFC43EE1F55D27100744587 /* Main.storyboard */ = {
			isa = PBXVariantGroup;
			children = (
				EEFC43EF1F55D27100744587 /* Base */,
			);
			name = Main.storyboard;
			sourceTree = "<group>";
		};
		EEFC43F31F55D27100744587 /* LaunchScreen.storyboard */ = {
			isa = PBXVariantGroup;
			children = (
				EEFC43F41F55D27100744587 /* Base */,
			);
			name = LaunchScreen.storyboard;
			sourceTree = "<group>";
		};
/* End PBXVariantGroup section */

/* Begin XCBuildConfiguration section */
		EEFC43F71F55D27100744587 /* Debug */ = {
			isa = XCBuildConfiguration;
			buildSettings = {
				ALWAYS_SEARCH_USER_PATHS = NO;
				CLANG_ANALYZER_NONNULL = YES;
				CLANG_CXX_LANGUAGE_STANDARD = "gnu++0x";
				CLANG_CXX_LIBRARY = "libc++";
				CLANG_ENABLE_MODULES = YES;
				CLANG_ENABLE_OBJC_ARC = YES;
				CLANG_WARN_BOOL_CONVERSION = YES;
				CLANG_WARN_CONSTANT_CONVERSION = YES;
				CLANG_WARN_DIRECT_OBJC_ISA_USAGE = YES_ERROR;
				CLANG_WARN_DOCUMENTATION_COMMENTS = YES;
				CLANG_WARN_EMPTY_BODY = YES;
				CLANG_WARN_ENUM_CONVERSION = YES;
				CLANG_WARN_INFINITE_RECURSION = YES;
				CLANG_WARN_INT_CONVERSION = YES;
				CLANG_WARN_OBJC_ROOT_CLASS = YES_ERROR;
				CLANG_WARN_SUSPICIOUS_MOVE = YES;
				CLANG_WARN_UNREACHABLE_CODE = YES;
				CLANG_WARN__DUPLICATE_METHOD_MATCH = YES;
				"CODE_SIGN_IDENTITY[sdk=iphoneos*]" = "iPhone Developer";
				COPY_PHASE_STRIP = NO;
				DEBUG_INFORMATION_FORMAT = dwarf;
				ENABLE_STRICT_OBJC_MSGSEND = YES;
				ENABLE_TESTABILITY = YES;
				GCC_C_LANGUAGE_STANDARD = gnu99;
				GCC_DYNAMIC_NO_PIC = NO;
				GCC_NO_COMMON_BLOCKS = YES;
				GCC_OPTIMIZATION_LEVEL = 0;
				GCC_PREPROCESSOR_DEFINITIONS = (
					"DEBUG=1",
					"$(inherited)",
				);
				GCC_WARN_64_TO_32_BIT_CONVERSION = YES;
				GCC_WARN_ABOUT_RETURN_TYPE = YES_ERROR;
				GCC_WARN_UNDECLARED_SELECTOR = YES;
				GCC_WARN_UNINITIALIZED_AUTOS = YES_AGGRESSIVE;
				GCC_WARN_UNUSED_FUNCTION = YES;
				GCC_WARN_UNUSED_VARIABLE = YES;
				IPHONEOS_DEPLOYMENT_TARGET = 10.2;
				MTL_ENABLE_DEBUG_INFO = YES;
				ONLY_ACTIVE_ARCH = YES;
				SDKROOT = iphoneos;
				SWIFT_ACTIVE_COMPILATION_CONDITIONS = DEBUG;
				SWIFT_OPTIMIZATION_LEVEL = "-Onone";
			};
			name = Debug;
		};
		EEFC43F81F55D27100744587 /* Release */ = {
			isa = XCBuildConfiguration;
			buildSettings = {
				ALWAYS_SEARCH_USER_PATHS = NO;
				CLANG_ANALYZER_NONNULL = YES;
				CLANG_CXX_LANGUAGE_STANDARD = "gnu++0x";
				CLANG_CXX_LIBRARY = "libc++";
				CLANG_ENABLE_MODULES = YES;
				CLANG_ENABLE_OBJC_ARC = YES;
				CLANG_WARN_BOOL_CONVERSION = YES;
				CLANG_WARN_CONSTANT_CONVERSION = YES;
				CLANG_WARN_DIRECT_OBJC_ISA_USAGE = YES_ERROR;
				CLANG_WARN_DOCUMENTATION_COMMENTS = YES;
				CLANG_WARN_EMPTY_BODY = YES;
				CLANG_WARN_ENUM_CONVERSION = YES;
				CLANG_WARN_INFINITE_RECURSION = YES;
				CLANG_WARN_INT_CONVERSION = YES;
				CLANG_WARN_OBJC_ROOT_CLASS = YES_ERROR;
				CLANG_WARN_SUSPICIOUS_MOVE = YES;
				CLANG_WARN_UNREACHABLE_CODE = YES;
				CLANG_WARN__DUPLICATE_METHOD_MATCH = YES;
				"CODE_SIGN_IDENTITY[sdk=iphoneos*]" = "iPhone Developer";
				COPY_PHASE_STRIP = NO;
				DEBUG_INFORMATION_FORMAT = "dwarf-with-dsym";
				ENABLE_NS_ASSERTIONS = NO;
				ENABLE_STRICT_OBJC_MSGSEND = YES;
				GCC_C_LANGUAGE_STANDARD = gnu99;
				GCC_NO_COMMON_BLOCKS = YES;
				GCC_WARN_64_TO_32_BIT_CONVERSION = YES;
				GCC_WARN_ABOUT_RETURN_TYPE = YES_ERROR;
				GCC_WARN_UNDECLARED_SELECTOR = YES;
				GCC_WARN_UNINITIALIZED_AUTOS = YES_AGGRESSIVE;
				GCC_WARN_UNUSED_FUNCTION = YES;
				GCC_WARN_UNUSED_VARIABLE = YES;
				IPHONEOS_DEPLOYMENT_TARGET = 10.2;
				MTL_ENABLE_DEBUG_INFO = NO;
				SDKROOT = iphoneos;
				SWIFT_OPTIMIZATION_LEVEL = "-Owholemodule";
				VALIDATE_PRODUCT = YES;
			};
			name = Release;
		};
		EEFC43FA1F55D27100744587 /* Debug */ = {
			isa = XCBuildConfiguration;
			buildSettings = {
				ASSETCATALOG_COMPILER_APPICON_NAME = AppIcon;
				INFOPLIST_FILE = KeyboardWithToolbar/Info.plist;
				LD_RUNPATH_SEARCH_PATHS = "$(inherited) @executable_path/Frameworks";
				PRODUCT_BUNDLE_IDENTIFIER = "Zihan-Peng.KeyboardWithToolbar";
				PRODUCT_NAME = "$(TARGET_NAME)";
				SWIFT_VERSION = 3.0;
			};
			name = Debug;
		};
		EEFC43FB1F55D27100744587 /* Release */ = {
			isa = XCBuildConfiguration;
			buildSettings = {
				ASSETCATALOG_COMPILER_APPICON_NAME = AppIcon;
				INFOPLIST_FILE = KeyboardWithToolbar/Info.plist;
				LD_RUNPATH_SEARCH_PATHS = "$(inherited) @executable_path/Frameworks";
				PRODUCT_BUNDLE_IDENTIFIER = "Zihan-Peng.KeyboardWithToolbar";
				PRODUCT_NAME = "$(TARGET_NAME)";
				SWIFT_VERSION = 3.0;
			};
			name = Release;
		};
/* End XCBuildConfiguration section */

/* Begin XCConfigurationList section */
		EEFC43E21F55D27100744587 /* Build configuration list for PBXProject "KeyboardWithToolbar" */ = {
			isa = XCConfigurationList;
			buildConfigurations = (
				EEFC43F71F55D27100744587 /* Debug */,
				EEFC43F81F55D27100744587 /* Release */,
			);
			defaultConfigurationIsVisible = 0;
			defaultConfigurationName = Release;
		};
		EEFC43F91F55D27100744587 /* Build configuration list for PBXNativeTarget "KeyboardWithToolbar" */ = {
			isa = XCConfigurationList;
			buildConfigurations = (
				EEFC43FA1F55D27100744587 /* Debug */,
				EEFC43FB1F55D27100744587 /* Release */,
			);
			defaultConfigurationIsVisible = 0;
		};
/* End XCConfigurationList section */
	};
	rootObject = EEFC43DF1F55D27100744587 /* Project object */;
}
